
Microsoft Visual Studio Solution File, Format Version 12.00
# Visual Studio Version 17
VisualStudioVersion = 17.4.33205.214
MinimumVisualStudioVersion = 10.0.40219.1
Project("{FAE04EC0-301F-11D3-BF4B-00C04F79EFBC}") = "Week2-WindowsFormProgram", "Week2-WindowsFormProgram\Week2-WindowsFormProgram.csproj", "{FE164551-410E-4C55-BFFF-3B41692C7837}"
EndProject
Global
	GlobalSection(SolutionConfigurationPlatforms) = preSolution
		Debug|Any CPU = Debug|Any CPU
		Release|Any CPU = Release|Any CPU
	EndGlobalSection
	GlobalSection(ProjectConfigurationPlatforms) = postSolution
		{FE164551-410E-4C55-BFFF-3B41692C7837}.Debug|Any CPU.ActiveCfg = Debug|Any CPU
		{FE164551-410E-4C55-BFFF-3B41692C7837}.Debug|Any CPU.Build.0 = Debug|Any CPU
		{FE164551-410E-4C55-BFFF-3B41692C7837}.Release|Any CPU.ActiveCfg = Release|Any CPU
		{FE164551-410E-4C55-BFFF-3B41692C7837}.Release|Any CPU.Build.0 = Release|Any CPU
	EndGlobalSection
	GlobalSection(SolutionProperties) = preSolution
		HideSolutionNode = FALSE
	EndGlobalSection
	GlobalSection(ExtensibilityGlobals) = postSolution
		SolutionGuid = {E076A0E2-84AB-4CC7-AC17-AFD666FA8519}
	EndGlobalSection
EndGlobal
